<?xml version="1.0" encoding="utf-8"?>
<Project ToolsVersion="4.0" xmlns="http://schemas.microsoft.com/developer/msbuild/2003">
  <ItemGroup>
    <Filter Include="Quelldateien">
      <UniqueIdentifier>{4FC737F1-C7A5-4376-A066-2A32D752A2FF}</UniqueIdentifier>
      <Extensions>cpp;c;cc;cxx;def;odl;idl;hpj;bat;asm;asmx</Extensions>
    </Filter>
    <Filter Include="Headerdateien">
      <UniqueIdentifier>{93995380-89BD-4b04-88EB-625FBE52EBFB}</UniqueIdentifier>
      <Extensions>h;hh;hpp;hxx;hm;inl;inc;ipp;xsd</Extensions>
    </Filter>
    <Filter Include="Ressourcendateien">
      <UniqueIdentifier>{67DA6AB6-F800-4c08-8B7A-83BB121AAD01}</UniqueIdentifier>
      <Extensions>rc;ico;cur;bmp;dlg;rc2;rct;bin;rgs;gif;jpg;jpeg;jpe;resx;tiff;tif;png;wav;mfcribbon-ms</Extensions>
    </Filter>
  </ItemGroup>
  <ItemGroup>
    <ResourceCompile Include="app.rc">
      <Filter>Ressourcendateien</Filter>
    </ResourceCompile>
  </ItemGroup>
  <ItemGroup>
    <ClInclude Include="Resource.h">
      <Filter>Headerdateien</Filter>
    </ClInclude>
    <ClInclude Include="pch.h">
      <Filter>Headerdateien</Filter>
    </ClInclude>
    <ClInclude Include="Form1.h">
      <Filter>Headerdateien</Filter>
    </ClInclude>
    <ClInclude Include="DiamondCut.h">
      <Filter>Headerdateien</Filter>
    </ClInclude>
    <ClInclude Include="GemCut.h">
      <Filter>Headerdateien</Filter>
    </ClInclude>
  </ItemGroup>
  <ItemGroup>
    <ClCompile Include="CppCLR_WinformsProjekt.cpp">
      <Filter>Quelldateien</Filter>
    </ClCompile>
    <ClCompile Include="AssemblyInfo.cpp">
      <Filter>Quelldateien</Filter>
    </ClCompile>
    <ClCompile Include="pch.cpp">
      <Filter>Quelldateien</Filter>
    </ClCompile>
    <ClCompile Include="Form1.cpp">
      <Filter>Quelldateien</Filter>
    </ClCompile>
    <ClCompile Include="DiamondCut.cpp">
      <Filter>Quelldateien</Filter>
    </ClCompile>
    <ClCompile Include="GemCut.cpp">
      <Filter>Quelldateien</Filter>
    </ClCompile>
  </ItemGroup>
  <ItemGroup>
    <Image Include="app.ico">
      <Filter>Ressourcendateien</Filter>
    </Image>
    <Image Include="D:\miscellaneous\Qt_builds\gemwest200\resources\xpm\round_brilliant.png">
      <Filter>Ressourcendateien</Filter>
    </Image>
    <Image Include="..\..\..\..\Desktop\checkDepth.png">
      <Filter>Ressourcendateien</Filter>
    </Image>
    <Image Include="D:\miscellaneous\Qt_builds\gemwest200\resources\graphics\bulge_big.png">
      <Filter>Ressourcendateien</Filter>
    </Image>
    <Image Include="D:\miscellaneous\Qt_builds\gemwest200\resources\graphics\bulge_med.png">
      <Filter>Ressourcendateien</Filter>
    </Image>
    <Image Include="D:\miscellaneous\Qt_builds\gemwest200\resources\graphics\bulge_non.png">
      <Filter>Ressourcendateien</Filter>
    </Image>
    <Image Include="D:\miscellaneous\Qt_builds\gemwest200\resources\graphics\bulge_sml.png">
      <Filter>Ressourcendateien</Filter>
    </Image>
    <Image Include="D:\miscellaneous\Qt_builds\gemwest200\resources\graphics\calculator.png">
      <Filter>Ressourcendateien</Filter>
    </Image>
    <Image Include="D:\miscellaneous\Qt_builds\gemwest200\resources\graphics\downarrow.png">
      <Filter>Ressourcendateien</Filter>
    </Image>
    <Image Include="D:\miscellaneous\Qt_builds\gemwest200\resources\graphics\edit-clear.png">
      <Filter>Ressourcendateien</Filter>
    </Image>
    <Image Include="D:\miscellaneous\Qt_builds\gemwest200\resources\graphics\mediumgirdle.png">
      <Filter>Ressourcendateien</Filter>
    </Image>
    <Image Include="D:\miscellaneous\Qt_builds\gemwest200\resources\graphics\recut_init.png">
      <Filter>Ressourcendateien</Filter>
    </Image>
    <Image Include="D:\miscellaneous\Qt_builds\gemwest200\resources\graphics\sthickgirdle.png">
      <Filter>Ressourcendateien</Filter>
    </Image>
    <Image Include="D:\miscellaneous\Qt_builds\gemwest200\resources\graphics\thickgirdle.png">
      <Filter>Ressourcendateien</Filter>
    </Image>
    <Image Include="D:\miscellaneous\Qt_builds\gemwest200\resources\graphics\thingirdle.png">
      <Filter>Ressourcendateien</Filter>
    </Image>
    <Image Include="D:\miscellaneous\Qt_builds\gemwest200\resources\graphics\uparrow.png">
      <Filter>Ressourcendateien</Filter>
    </Image>
    <Image Include="bitmap1.bmp">
      <Filter>Ressourcendateien</Filter>
    </Image>
    <Image Include="bitmap2.bmp">
      <Filter>Ressourcendateien</Filter>
    </Image>
    <Image Include="D:\miscellaneous\Qt_builds\gemwest200\resources\xpm\asscher.png">
      <Filter>Ressourcendateien</Filter>
    </Image>
    <Image Include="D:\miscellaneous\Qt_builds\gemwest200\resources\xpm\barion.png">
      <Filter>Ressourcendateien</Filter>
    </Image>
    <Image Include="D:\miscellaneous\Qt_builds\gemwest200\resources\xpm\briolette.png">
      <Filter>Ressourcendateien</Filter>
    </Image>
    <Image Include="D:\miscellaneous\Qt_builds\gemwest200\resources\xpm\cabochon_high_domed.png">
      <Filter>Ressourcendateien</Filter>
    </Image>
    <Image Include="D:\miscellaneous\Qt_builds\gemwest200\resources\xpm\cabochon_low_domed.png">
      <Filter>Ressourcendateien</Filter>
    </Image>
    <Image Include="D:\miscellaneous\Qt_builds\gemwest200\resources\xpm\cabochon_regular.png">
      <Filter>Ressourcendateien</Filter>
    </Image>
    <Image Include="D:\miscellaneous\Qt_builds\gemwest200\resources\xpm\cushion_brilliant.png">
      <Filter>Ressourcendateien</Filter>
    </Image>
    <Image Include="D:\miscellaneous\Qt_builds\gemwest200\resources\xpm\eight_cut.png">
      <Filter>Ressourcendateien</Filter>
    </Image>
    <Image Include="D:\miscellaneous\Qt_builds\gemwest200\resources\xpm\emerald_cut.png">
      <Filter>Ressourcendateien</Filter>
    </Image>
    <Image Include="D:\miscellaneous\Qt_builds\gemwest200\resources\xpm\emerald_cut_diamond.png">
      <Filter>Ressourcendateien</Filter>
    </Image>
    <Image Include="D:\miscellaneous\Qt_builds\gemwest200\resources\xpm\flanders_cut.png">
      <Filter>Ressourcendateien</Filter>
    </Image>
    <Image Include="D:\miscellaneous\Qt_builds\gemwest200\resources\xpm\heart.png">
      <Filter>Ressourcendateien</Filter>
    </Image>
    <Image Include="D:\miscellaneous\Qt_builds\gemwest200\resources\xpm\heart_brilliant.png">
      <Filter>Ressourcendateien</Filter>
    </Image>
    <Image Include="D:\miscellaneous\Qt_builds\gemwest200\resources\xpm\long_rectangle.png">
      <Filter>Ressourcendateien</Filter>
    </Image>
    <Image Include="D:\miscellaneous\Qt_builds\gemwest200\resources\xpm\marquise.png">
      <Filter>Ressourcendateien</Filter>
    </Image>
    <Image Include="D:\miscellaneous\Qt_builds\gemwest200\resources\xpm\marquise_brilliant.png">
      <Filter>Ressourcendateien</Filter>
    </Image>
    <Image Include="D:\miscellaneous\Qt_builds\gemwest200\resources\xpm\old_european_cut.png">
      <Filter>Ressourcendateien</Filter>
    </Image>
    <Image Include="D:\miscellaneous\Qt_builds\gemwest200\resources\xpm\old_mine_cut.png">
      <Filter>Ressourcendateien</Filter>
    </Image>
    <Image Include="D:\miscellaneous\Qt_builds\gemwest200\resources\xpm\oval.png">
      <Filter>Ressourcendateien</Filter>
    </Image>
    <Image Include="D:\miscellaneous\Qt_builds\gemwest200\resources\xpm\oval_brilliant.png">
      <Filter>Ressourcendateien</Filter>
    </Image>
    <Image Include="D:\miscellaneous\Qt_builds\gemwest200\resources\xpm\pear_brilliant.png">
      <Filter>Ressourcendateien</Filter>
    </Image>
    <Image Include="D:\miscellaneous\Qt_builds\gemwest200\resources\xpm\pear_cut.png">
      <Filter>Ressourcendateien</Filter>
    </Image>
    <Image Include="D:\miscellaneous\Qt_builds\gemwest200\resources\xpm\princess_cut.png">
      <Filter>Ressourcendateien</Filter>
    </Image>
    <Image Include="D:\miscellaneous\Qt_builds\gemwest200\resources\xpm\radiant_cut.png">
      <Filter>Ressourcendateien</Filter>
    </Image>
    <Image Include="D:\miscellaneous\Qt_builds\gemwest200\resources\xpm\rectangle.png">
      <Filter>Ressourcendateien</Filter>
    </Image>
    <Image Include="D:\miscellaneous\Qt_builds\gemwest200\resources\xpm\rectangle_step_cut.png">
      <Filter>Ressourcendateien</Filter>
    </Image>
    <Image Include="D:\miscellaneous\Qt_builds\gemwest200\resources\xpm\rectangle_with_cut_corners.png">
      <Filter>Ressourcendateien</Filter>
    </Image>
    <Image Include="D:\miscellaneous\Qt_builds\gemwest200\resources\xpm\rectangular_cushion.png">
      <Filter>Ressourcendateien</Filter>
    </Image>
    <Image Include="D:\miscellaneous\Qt_builds\gemwest200\resources\xpm\rose_cut.png">
      <Filter>Ressourcendateien</Filter>
    </Image>
    <Image Include="D:\miscellaneous\Qt_builds\gemwest200\resources\xpm\round_bead.png">
      <Filter>Ressourcendateien</Filter>
    </Image>
    <Image Include="D:\miscellaneous\Qt_builds\gemwest200\resources\xpm\round_cut.png">
      <Filter>Ressourcendateien</Filter>
    </Image>
    <Image Include="D:\miscellaneous\Qt_builds\gemwest200\resources\xpm\semi_circle_cut.png">
      <Filter>Ressourcendateien</Filter>
    </Image>
    <Image Include="D:\miscellaneous\Qt_builds\gemwest200\resources\xpm\shallow.png">
      <Filter>Ressourcendateien</Filter>
    </Image>
    <Image Include="D:\miscellaneous\Qt_builds\gemwest200\resources\xpm\small_baguette.png">
      <Filter>Ressourcendateien</Filter>
    </Image>
    <Image Include="D:\miscellaneous\Qt_builds\gemwest200\resources\xpm\square_cushion.png">
      <Filter>Ressourcendateien</Filter>
    </Image>
    <Image Include="D:\miscellaneous\Qt_builds\gemwest200\resources\xpm\square_cut.png">
      <Filter>Ressourcendateien</Filter>
    </Image>
    <Image Include="D:\miscellaneous\Qt_builds\gemwest200\resources\xpm\square_cut_diamond.png">
      <Filter>Ressourcendateien</Filter>
    </Image>
    <Image Include="D:\miscellaneous\Qt_builds\gemwest200\resources\xpm\square_step_cut.png">
      <Filter>Ressourcendateien</Filter>
    </Image>
    <Image Include="D:\miscellaneous\Qt_builds\gemwest200\resources\xpm\square_with_cut_corners.png">
      <Filter>Ressourcendateien</Filter>
    </Image>
    <Image Include="D:\miscellaneous\Qt_builds\gemwest200\resources\xpm\tapered_baguette.png">
      <Filter>Ressourcendateien</Filter>
    </Image>
    <Image Include="D:\miscellaneous\Qt_builds\gemwest200\resources\xpm\triangle.png">
      <Filter>Ressourcendateien</Filter>
    </Image>
    <Image Include="D:\miscellaneous\Qt_builds\gemwest200\resources\xpm\triangular_cut.png">
      <Filter>Ressourcendateien</Filter>
    </Image>
    <Image Include="D:\miscellaneous\Qt_builds\gemwest200\resources\xpm\trilliant_cut.png">
      <Filter>Ressourcendateien</Filter>
    </Image>
    <Image Include="D:\miscellaneous\Qt_builds\gemwest200\resources\xpm\trillion.png">
      <Filter>Ressourcendateien</Filter>
    </Image>
  </ItemGroup>
</Project>